
Microsoft Visual Studio Solution File, Format Version 12.00
# Visual Studio Version 16
VisualStudioVersion = 16.0.29201.188
MinimumVisualStudioVersion = 10.0.40219.1
Project("{FAE04EC0-301F-11D3-BF4B-00C04F79EFBC}") = "Advent of Code", "Advent of Code\Advent of Code.csproj", "{EA0D2C61-B9A8-4FE7-B082-4C53C85428FE}"
EndProject
Global
	GlobalSection(SolutionConfigurationPlatforms) = preSolution
		Debug|Any CPU = Debug|Any CPU
		Release|Any CPU = Release|Any CPU
	EndGlobalSection
	GlobalSection(ProjectConfigurationPlatforms) = postSolution
		{EA0D2C61-B9A8-4FE7-B082-4C53C85428FE}.Debug|Any CPU.ActiveCfg = Debug|Any CPU
		{EA0D2C61-B9A8-4FE7-B082-4C53C85428FE}.Debug|Any CPU.Build.0 = Debug|Any CPU
		{EA0D2C61-B9A8-4FE7-B082-4C53C85428FE}.Release|Any CPU.ActiveCfg = Release|Any CPU
		{EA0D2C61-B9A8-4FE7-B082-4C53C85428FE}.Release|Any CPU.Build.0 = Release|Any CPU
	EndGlobalSection
	GlobalSection(SolutionProperties) = preSolution
		HideSolutionNode = FALSE
	EndGlobalSection
	GlobalSection(ExtensibilityGlobals) = postSolution
		SolutionGuid = {12185E4C-6A4A-425B-BD56-2F40452CFCFB}
	EndGlobalSection
EndGlobal
